
Microsoft Visual Studio Solution File, Format Version 12.00
# Visual Studio Version 17
VisualStudioVersion = 17.13.35825.156
MinimumVisualStudioVersion = 10.0.40219.1
Project("{FAE04EC0-301F-11D3-BF4B-00C04F79EFBC}") = "Itinera.Client", "Itinera.Client\Itinera.Client.csproj", "{BEF194D2-8CDF-4125-BADF-1F457B6AB2A0}"
EndProject
Project("{FAE04EC0-301F-11D3-BF4B-00C04F79EFBC}") = "Itinera.Client.Tests", "Itinera.Client.Tests\Itinera.Client.Tests.csproj", "{2EDF15C1-6B8F-486E-8050-F9F12633367B}"
EndProject
Global
	GlobalSection(SolutionConfigurationPlatforms) = preSolution
		Debug|Any CPU = Debug|Any CPU
		Release|Any CPU = Release|Any CPU
	EndGlobalSection
	GlobalSection(ProjectConfigurationPlatforms) = postSolution
		{BEF194D2-8CDF-4125-BADF-1F457B6AB2A0}.Debug|Any CPU.ActiveCfg = Debug|Any CPU
		{BEF194D2-8CDF-4125-BADF-1F457B6AB2A0}.Debug|Any CPU.Build.0 = Debug|Any CPU
		{BEF194D2-8CDF-4125-BADF-1F457B6AB2A0}.Release|Any CPU.ActiveCfg = Release|Any CPU
		{BEF194D2-8CDF-4125-BADF-1F457B6AB2A0}.Release|Any CPU.Build.0 = Release|Any CPU
		{2EDF15C1-6B8F-486E-8050-F9F12633367B}.Debug|Any CPU.ActiveCfg = Debug|Any CPU
		{2EDF15C1-6B8F-486E-8050-F9F12633367B}.Debug|Any CPU.Build.0 = Debug|Any CPU
		{2EDF15C1-6B8F-486E-8050-F9F12633367B}.Release|Any CPU.ActiveCfg = Release|Any CPU
		{2EDF15C1-6B8F-486E-8050-F9F12633367B}.Release|Any CPU.Build.0 = Release|Any CPU
	EndGlobalSection
	GlobalSection(SolutionProperties) = preSolution
		HideSolutionNode = FALSE
	EndGlobalSection
	GlobalSection(ExtensibilityGlobals) = postSolution
		SolutionGuid = {3E4B8F9C-33AE-4E0F-A2E0-7C40FC54EEBF}
	EndGlobalSection
EndGlobal
